// !$*UTF8*$!
{
	archiveVersion = 1;
	classes = {
	};
	objectVersion = 50;
	objects = {

/* Begin PBXBuildFile section */
		82EC0B8CC894ED31DB45EB2B /* Pods_Collection_Function.framework in Frameworks */ = {isa = PBXBuildFile; fileRef = 5EAF6DB636B4FB55EF33350C /* Pods_Collection_Function.framework */; };
		A6E5A8CE2588A31100D8F3C0 /* AppDelegate.swift in Sources */ = {isa = PBXBuildFile; fileRef = A6E5A8CD2588A31100D8F3C0 /* AppDelegate.swift */; };
		A6E5A8D02588A31100D8F3C0 /* SceneDelegate.swift in Sources */ = {isa = PBXBuildFile; fileRef = A6E5A8CF2588A31100D8F3C0 /* SceneDelegate.swift */; };
		A6E5A8D22588A31100D8F3C0 /* ViewController.swift in Sources */ = {isa = PBXBuildFile; fileRef = A6E5A8D12588A31100D8F3C0 /* ViewController.swift */; };
		A6E5A8D52588A31100D8F3C0 /* Main.storyboard in Resources */ = {isa = PBXBuildFile; fileRef = A6E5A8D32588A31100D8F3C0 /* Main.storyboard */; };
		A6E5A8D82588A31100D8F3C0 /* Collection_Function.xcdatamodeld in Sources */ = {isa = PBXBuildFile; fileRef = A6E5A8D62588A31100D8F3C0 /* Collection_Function.xcdatamodeld */; };
		A6E5A8DA2588A31100D8F3C0 /* Assets.xcassets in Resources */ = {isa = PBXBuildFile; fileRef = A6E5A8D92588A31100D8F3C0 /* Assets.xcassets */; };
		A6E5A8DD2588A31100D8F3C0 /* LaunchScreen.storyboard in Resources */ = {isa = PBXBuildFile; fileRef = A6E5A8DB2588A31100D8F3C0 /* LaunchScreen.storyboard */; };
		A6E5A8E82588A31100D8F3C0 /* Collection_FunctionTests.swift in Sources */ = {isa = PBXBuildFile; fileRef = A6E5A8E72588A31100D8F3C0 /* Collection_FunctionTests.swift */; };
		A6E5A8F32588A31100D8F3C0 /* Collection_FunctionUITests.swift in Sources */ = {isa = PBXBuildFile; fileRef = A6E5A8F22588A31100D8F3C0 /* Collection_FunctionUITests.swift */; };
/* End PBXBuildFile section */

/* Begin PBXContainerItemProxy section */
		A6E5A8E42588A31100D8F3C0 /* PBXContainerItemProxy */ = {
			isa = PBXContainerItemProxy;
			containerPortal = A6E5A8C22588A31100D8F3C0 /* Project object */;
			proxyType = 1;
			remoteGlobalIDString = A6E5A8C92588A31100D8F3C0;
			remoteInfo = Collection.Function;
		};
		A6E5A8EF2588A31100D8F3C0 /* PBXContainerItemProxy */ = {
			isa = PBXContainerItemProxy;
			containerPortal = A6E5A8C22588A31100D8F3C0 /* Project object */;
			proxyType = 1;
			remoteGlobalIDString = A6E5A8C92588A31100D8F3C0;
			remoteInfo = Collection.Function;
		};
/* End PBXContainerItemProxy section */

/* Begin PBXFileReference section */
		5EAF6DB636B4FB55EF33350C /* Pods_Collection_Function.framework */ = {isa = PBXFileReference; explicitFileType = wrapper.framework; includeInIndex = 0; path = Pods_Collection_Function.framework; sourceTree = BUILT_PRODUCTS_DIR; };
		60D7B9EF93B7475AF6D9D9A8 /* Pods-Collection.Function.debug.xcconfig */ = {isa = PBXFileReference; includeInIndex = 1; lastKnownFileType = text.xcconfig; name = "Pods-Collection.Function.debug.xcconfig"; path = "Target Support Files/Pods-Collection.Function/Pods-Collection.Function.debug.xcconfig"; sourceTree = "<group>"; };
		A6E5A8CA2588A31100D8F3C0 /* Collection.Function.app */ = {isa = PBXFileReference; explicitFileType = wrapper.application; includeInIndex = 0; path = Collection.Function.app; sourceTree = BUILT_PRODUCTS_DIR; };
		A6E5A8CD2588A31100D8F3C0 /* AppDelegate.swift */ = {isa = PBXFileReference; lastKnownFileType = sourcecode.swift; path = AppDelegate.swift; sourceTree = "<group>"; };
		A6E5A8CF2588A31100D8F3C0 /* SceneDelegate.swift */ = {isa = PBXFileReference; lastKnownFileType = sourcecode.swift; path = SceneDelegate.swift; sourceTree = "<group>"; };
		A6E5A8D12588A31100D8F3C0 /* ViewController.swift */ = {isa = PBXFileReference; lastKnownFileType = sourcecode.swift; path = ViewController.swift; sourceTree = "<group>"; };
		A6E5A8D42588A31100D8F3C0 /* Base */ = {isa = PBXFileReference; lastKnownFileType = file.storyboard; name = Base; path = Base.lproj/Main.storyboard; sourceTree = "<group>"; };
		A6E5A8D72588A31100D8F3C0 /* Collection_Function.xcdatamodel */ = {isa = PBXFileReference; lastKnownFileType = wrapper.xcdatamodel; path = Collection_Function.xcdatamodel; sourceTree = "<group>"; };
		A6E5A8D92588A31100D8F3C0 /* Assets.xcassets */ = {isa = PBXFileReference; lastKnownFileType = folder.assetcatalog; path = Assets.xcassets; sourceTree = "<group>"; };
		A6E5A8DC2588A31100D8F3C0 /* Base */ = {isa = PBXFileReference; lastKnownFileType = file.storyboard; name = Base; path = Base.lproj/LaunchScreen.storyboard; sourceTree = "<group>"; };
		A6E5A8DE2588A31100D8F3C0 /* Info.plist */ = {isa = PBXFileReference; lastKnownFileType = text.plist.xml; path = Info.plist; sourceTree = "<group>"; };
		A6E5A8E32588A31100D8F3C0 /* Collection.FunctionTests.xctest */ = {isa = PBXFileReference; explicitFileType = wrapper.cfbundle; includeInIndex = 0; path = Collection.FunctionTests.xctest; sourceTree = BUILT_PRODUCTS_DIR; };
		A6E5A8E72588A31100D8F3C0 /* Collection_FunctionTests.swift */ = {isa = PBXFileReference; lastKnownFileType = sourcecode.swift; path = Collection_FunctionTests.swift; sourceTree = "<group>"; };
		A6E5A8E92588A31100D8F3C0 /* Info.plist */ = {isa = PBXFileReference; lastKnownFileType = text.plist.xml; path = Info.plist; sourceTree = "<group>"; };
		A6E5A8EE2588A31100D8F3C0 /* Collection.FunctionUITests.xctest */ = {isa = PBXFileReference; explicitFileType = wrapper.cfbundle; includeInIndex = 0; path = Collection.FunctionUITests.xctest; sourceTree = BUILT_PRODUCTS_DIR; };
		A6E5A8F22588A31100D8F3C0 /* Collection_FunctionUITests.swift */ = {isa = PBXFileReference; lastKnownFileType = sourcecode.swift; path = Collection_FunctionUITests.swift; sourceTree = "<group>"; };
		A6E5A8F42588A31100D8F3C0 /* Info.plist */ = {isa = PBXFileReference; lastKnownFileType = text.plist.xml; path = Info.plist; sourceTree = "<group>"; };
		F60E8144A0C6125AAFD11946 /* Pods-Collection.Function.release.xcconfig */ = {isa = PBXFileReference; includeInIndex = 1; lastKnownFileType = text.xcconfig; name = "Pods-Collection.Function.release.xcconfig"; path = "Target Support Files/Pods-Collection.Function/Pods-Collection.Function.release.xcconfig"; sourceTree = "<group>"; };
/* End PBXFileReference section */

/* Begin PBXFrameworksBuildPhase section */
		A6E5A8C72588A31100D8F3C0 /* Frameworks */ = {
			isa = PBXFrameworksBuildPhase;
			buildActionMask = 2147483647;
			files = (
				82EC0B8CC894ED31DB45EB2B /* Pods_Collection_Function.framework in Frameworks */,
			);
			runOnlyForDeploymentPostprocessing = 0;
		};
		A6E5A8E02588A31100D8F3C0 /* Frameworks */ = {
			isa = PBXFrameworksBuildPhase;
			buildActionMask = 2147483647;
			files = (
			);
			runOnlyForDeploymentPostprocessing = 0;
		};
		A6E5A8EB2588A31100D8F3C0 /* Frameworks */ = {
			isa = PBXFrameworksBuildPhase;
			buildActionMask = 2147483647;
			files = (
			);
			runOnlyForDeploymentPostprocessing = 0;
		};
/* End PBXFrameworksBuildPhase section */

/* Begin PBXGroup section */
		23B24A3B198EFC56ADB5F538 /* Pods */ = {
			isa = PBXGroup;
			children = (
				60D7B9EF93B7475AF6D9D9A8 /* Pods-Collection.Function.debug.xcconfig */,
				F60E8144A0C6125AAFD11946 /* Pods-Collection.Function.release.xcconfig */,
			);
			name = Pods;
			path = Pods;
			sourceTree = "<group>";
		};
		9FBAA084DD123856C379FC2D /* Frameworks */ = {
			isa = PBXGroup;
			children = (
				5EAF6DB636B4FB55EF33350C /* Pods_Collection_Function.framework */,
			);
			name = Frameworks;
			sourceTree = "<group>";
		};
		A6E5A8C12588A31100D8F3C0 = {
			isa = PBXGroup;
			children = (
				A6E5A8CC2588A31100D8F3C0 /* Collection.Function */,
				A6E5A8E62588A31100D8F3C0 /* Collection.FunctionTests */,
				A6E5A8F12588A31100D8F3C0 /* Collection.FunctionUITests */,
				A6E5A8CB2588A31100D8F3C0 /* Products */,
				23B24A3B198EFC56ADB5F538 /* Pods */,
				9FBAA084DD123856C379FC2D /* Frameworks */,
			);
			sourceTree = "<group>";
		};
		A6E5A8CB2588A31100D8F3C0 /* Products */ = {
			isa = PBXGroup;
			children = (
				A6E5A8CA2588A31100D8F3C0 /* Collection.Function.app */,
				A6E5A8E32588A31100D8F3C0 /* Collection.FunctionTests.xctest */,
				A6E5A8EE2588A31100D8F3C0 /* Collection.FunctionUITests.xctest */,
			);
			name = Products;
			sourceTree = "<group>";
		};
		A6E5A8CC2588A31100D8F3C0 /* Collection.Function */ = {
			isa = PBXGroup;
			children = (
				A6E5A8CD2588A31100D8F3C0 /* AppDelegate.swift */,
				A6E5A8CF2588A31100D8F3C0 /* SceneDelegate.swift */,
				A6E5A8D12588A31100D8F3C0 /* ViewController.swift */,
				A6E5A8D32588A31100D8F3C0 /* Main.storyboard */,
				A6E5A8D92588A31100D8F3C0 /* Assets.xcassets */,
				A6E5A8DB2588A31100D8F3C0 /* LaunchScreen.storyboard */,
				A6E5A8DE2588A31100D8F3C0 /* Info.plist */,
				A6E5A8D62588A31100D8F3C0 /* Collection_Function.xcdatamodeld */,
			);
			path = Collection.Function;
			sourceTree = "<group>";
		};
		A6E5A8E62588A31100D8F3C0 /* Collection.FunctionTests */ = {
			isa = PBXGroup;
			children = (
				A6E5A8E72588A31100D8F3C0 /* Collection_FunctionTests.swift */,
				A6E5A8E92588A31100D8F3C0 /* Info.plist */,
			);
			path = Collection.FunctionTests;
			sourceTree = "<group>";
		};
		A6E5A8F12588A31100D8F3C0 /* Collection.FunctionUITests */ = {
			isa = PBXGroup;
			children = (
				A6E5A8F22588A31100D8F3C0 /* Collection_FunctionUITests.swift */,
				A6E5A8F42588A31100D8F3C0 /* Info.plist */,
			);
			path = Collection.FunctionUITests;
			sourceTree = "<group>";
		};
/* End PBXGroup section */

/* Begin PBXNativeTarget section */
		A6E5A8C92588A31100D8F3C0 /* Collection.Function */ = {
			isa = PBXNativeTarget;
			buildConfigurationList = A6E5A8F72588A31100D8F3C0 /* Build configuration list for PBXNativeTarget "Collection.Function" */;
			buildPhases = (
				5D9CF6668A3C08B90D3164B8 /* [CP] Check Pods Manifest.lock */,
				A6E5A8C62588A31100D8F3C0 /* Sources */,
				A6E5A8C72588A31100D8F3C0 /* Frameworks */,
				A6E5A8C82588A31100D8F3C0 /* Resources */,
				A6E5A9032588A33F00D8F3C0 /* ShellScript */,
			);
			buildRules = (
			);
			dependencies = (
			);
			name = Collection.Function;
			productName = Collection.Function;
			productReference = A6E5A8CA2588A31100D8F3C0 /* Collection.Function.app */;
			productType = "com.apple.product-type.application";
		};
		A6E5A8E22588A31100D8F3C0 /* Collection.FunctionTests */ = {
			isa = PBXNativeTarget;
			buildConfigurationList = A6E5A8FA2588A31100D8F3C0 /* Build configuration list for PBXNativeTarget "Collection.FunctionTests" */;
			buildPhases = (
				A6E5A8DF2588A31100D8F3C0 /* Sources */,
				A6E5A8E02588A31100D8F3C0 /* Frameworks */,
				A6E5A8E12588A31100D8F3C0 /* Resources */,
			);
			buildRules = (
			);
			dependencies = (
				A6E5A8E52588A31100D8F3C0 /* PBXTargetDependency */,
			);
			name = Collection.FunctionTests;
			productName = Collection.FunctionTests;
			productReference = A6E5A8E32588A31100D8F3C0 /* Collection.FunctionTests.xctest */;
			productType = "com.apple.product-type.bundle.unit-test";
		};
		A6E5A8ED2588A31100D8F3C0 /* Collection.FunctionUITests */ = {
			isa = PBXNativeTarget;
			buildConfigurationList = A6E5A8FD2588A31100D8F3C0 /* Build configuration list for PBXNativeTarget "Collection.FunctionUITests" */;
			buildPhases = (
				A6E5A8EA2588A31100D8F3C0 /* Sources */,
				A6E5A8EB2588A31100D8F3C0 /* Frameworks */,
				A6E5A8EC2588A31100D8F3C0 /* Resources */,
			);
			buildRules = (
			);
			dependencies = (
				A6E5A8F02588A31100D8F3C0 /* PBXTargetDependency */,
			);
			name = Collection.FunctionUITests;
			productName = Collection.FunctionUITests;
			productReference = A6E5A8EE2588A31100D8F3C0 /* Collection.FunctionUITests.xctest */;
			productType = "com.apple.product-type.bundle.ui-testing";
		};
/* End PBXNativeTarget section */

/* Begin PBXProject section */
		A6E5A8C22588A31100D8F3C0 /* Project object */ = {
			isa = PBXProject;
			attributes = {
				LastSwiftUpdateCheck = 1220;
				LastUpgradeCheck = 1220;
				TargetAttributes = {
					A6E5A8C92588A31100D8F3C0 = {
						CreatedOnToolsVersion = 12.2;
					};
					A6E5A8E22588A31100D8F3C0 = {
						CreatedOnToolsVersion = 12.2;
						TestTargetID = A6E5A8C92588A31100D8F3C0;
					};
					A6E5A8ED2588A31100D8F3C0 = {
						CreatedOnToolsVersion = 12.2;
						TestTargetID = A6E5A8C92588A31100D8F3C0;
					};
				};
			};
			buildConfigurationList = A6E5A8C52588A31100D8F3C0 /* Build configuration list for PBXProject "Collection.Function" */;
			compatibilityVersion = "Xcode 9.3";
			developmentRegion = en;
			hasScannedForEncodings = 0;
			knownRegions = (
				en,
				Base,
			);
			mainGroup = A6E5A8C12588A31100D8F3C0;
			productRefGroup = A6E5A8CB2588A31100D8F3C0 /* Products */;
			projectDirPath = "";
			projectRoot = "";
			targets = (
				A6E5A8C92588A31100D8F3C0 /* Collection.Function */,
				A6E5A8E22588A31100D8F3C0 /* Collection.FunctionTests */,
				A6E5A8ED2588A31100D8F3C0 /* Collection.FunctionUITests */,
			);
		};
/* End PBXProject section */

/* Begin PBXResourcesBuildPhase section */
		A6E5A8C82588A31100D8F3C0 /* Resources */ = {
			isa = PBXResourcesBuildPhase;
			buildActionMask = 2147483647;
			files = (
				A6E5A8DD2588A31100D8F3C0 /* LaunchScreen.storyboard in Resources */,
				A6E5A8DA2588A31100D8F3C0 /* Assets.xcassets in Resources */,
				A6E5A8D52588A31100D8F3C0 /* Main.storyboard in Resources */,
			);
			runOnlyForDeploymentPostprocessing = 0;
		};
		A6E5A8E12588A31100D8F3C0 /* Resources */ = {
			isa = PBXResourcesBuildPhase;
			buildActionMask = 2147483647;
			files = (
			);
			runOnlyForDeploymentPostprocessing = 0;
		};
		A6E5A8EC2588A31100D8F3C0 /* Resources */ = {
			isa = PBXResourcesBuildPhase;
			buildActionMask = 2147483647;
			files = (
			);
			runOnlyForDeploymentPostprocessing = 0;
		};
/* End PBXResourcesBuildPhase section */

/* Begin PBXShellScriptBuildPhase section */
		5D9CF6668A3C08B90D3164B8 /* [CP] Check Pods Manifest.lock */ = {
			isa = PBXShellScriptBuildPhase;
			buildActionMask = 2147483647;
			files = (
			);
			inputFileListPaths = (
			);
			inputPaths = (
				"${PODS_PODFILE_DIR_PATH}/Podfile.lock",
				"${PODS_ROOT}/Manifest.lock",
			);
			name = "[CP] Check Pods Manifest.lock";
			outputFileListPaths = (
			);
			outputPaths = (
				"$(DERIVED_FILE_DIR)/Pods-Collection.Function-checkManifestLockResult.txt",
			);
			runOnlyForDeploymentPostprocessing = 0;
			shellPath = /bin/sh;
			shellScript = "diff \"${PODS_PODFILE_DIR_PATH}/Podfile.lock\" \"${PODS_ROOT}/Manifest.lock\" > /dev/null\nif [ $? != 0 ] ; then\n    # print error to STDERR\n    echo \"error: The sandbox is not in sync with the Podfile.lock. Run 'pod install' or update your CocoaPods installation.\" >&2\n    exit 1\nfi\n# This output is used by Xcode 'outputs' to avoid re-running this script phase.\necho \"SUCCESS\" > \"${SCRIPT_OUTPUT_FILE_0}\"\n";
			showEnvVarsInLog = 0;
		};
		A6E5A9032588A33F00D8F3C0 /* ShellScript */ = {
			isa = PBXShellScriptBuildPhase;
			buildActionMask = 2147483647;
			files = (
			);
			inputFileListPaths = (
			);
			inputPaths = (
			);
			outputFileListPaths = (
			);
			outputPaths = (
			);
			runOnlyForDeploymentPostprocessing = 0;
			shellPath = /bin/sh;
			shellScript = "# Type a script or drag a script file from your workspace to insert its path.\nif which \"${PODS_ROOT}/SwiftLint/swiftlint\" >/dev/null; then\n    \"${PODS_ROOT}/SwiftLint/swiftlint\" --quiet --config \"swiftlint.yml\"\nelse\n  echo \"error: SwiftLint does not exist, upadate CocoaPods (use 'pod install')\"\n  exit 1\nfi\n";
		};
/* End PBXShellScriptBuildPhase section */

/* Begin PBXSourcesBuildPhase section */
		A6E5A8C62588A31100D8F3C0 /* Sources */ = {
			isa = PBXSourcesBuildPhase;
			buildActionMask = 2147483647;
			files = (
				A6E5A8D22588A31100D8F3C0 /* ViewController.swift in Sources */,
				A6E5A8CE2588A31100D8F3C0 /* AppDelegate.swift in Sources */,
				A6E5A8D82588A31100D8F3C0 /* Collection_Function.xcdatamodeld in Sources */,
				A6E5A8D02588A31100D8F3C0 /* SceneDelegate.swift in Sources */,
			);
			runOnlyForDeploymentPostprocessing = 0;
		};
		A6E5A8DF2588A31100D8F3C0 /* Sources */ = {
			isa = PBXSourcesBuildPhase;
			buildActionMask = 2147483647;
			files = (
				A6E5A8E82588A31100D8F3C0 /* Collection_FunctionTests.swift in Sources */,
			);
			runOnlyForDeploymentPostprocessing = 0;
		};
		A6E5A8EA2588A31100D8F3C0 /* Sources */ = {
			isa = PBXSourcesBuildPhase;
			buildActionMask = 2147483647;
			files = (
				A6E5A8F32588A31100D8F3C0 /* Collection_FunctionUITests.swift in Sources */,
			);
			runOnlyForDeploymentPostprocessing = 0;
		};
/* End PBXSourcesBuildPhase section */

/* Begin PBXTargetDependency section */
		A6E5A8E52588A31100D8F3C0 /* PBXTargetDependency */ = {
			isa = PBXTargetDependency;
			target = A6E5A8C92588A31100D8F3C0 /* Collection.Function */;
			targetProxy = A6E5A8E42588A31100D8F3C0 /* PBXContainerItemProxy */;
		};
		A6E5A8F02588A31100D8F3C0 /* PBXTargetDependency */ = {
			isa = PBXTargetDependency;
			target = A6E5A8C92588A31100D8F3C0 /* Collection.Function */;
			targetProxy = A6E5A8EF2588A31100D8F3C0 /* PBXContainerItemProxy */;
		};
/* End PBXTargetDependency section */

/* Begin PBXVariantGroup section */
		A6E5A8D32588A31100D8F3C0 /* Main.storyboard */ = {
			isa = PBXVariantGroup;
			children = (
				A6E5A8D42588A31100D8F3C0 /* Base */,
			);
			name = Main.storyboard;
			sourceTree = "<group>";
		};
		A6E5A8DB2588A31100D8F3C0 /* LaunchScreen.storyboard */ = {
			isa = PBXVariantGroup;
			children = (
				A6E5A8DC2588A31100D8F3C0 /* Base */,
			);
			name = LaunchScreen.storyboard;
			sourceTree = "<group>";
		};
/* End PBXVariantGroup section */

/* Begin XCBuildConfiguration section */
		A6E5A8F52588A31100D8F3C0 /* Debug */ = {
			isa = XCBuildConfiguration;
			buildSettings = {
				ALWAYS_SEARCH_USER_PATHS = NO;
				CLANG_ANALYZER_NONNULL = YES;
				CLANG_ANALYZER_NUMBER_OBJECT_CONVERSION = YES_AGGRESSIVE;
				CLANG_CXX_LANGUAGE_STANDARD = "gnu++14";
				CLANG_CXX_LIBRARY = "libc++";
				CLANG_ENABLE_MODULES = YES;
				CLANG_ENABLE_OBJC_ARC = YES;
				CLANG_ENABLE_OBJC_WEAK = YES;
				CLANG_WARN_BLOCK_CAPTURE_AUTORELEASING = YES;
				CLANG_WARN_BOOL_CONVERSION = YES;
				CLANG_WARN_COMMA = YES;
				CLANG_WARN_CONSTANT_CONVERSION = YES;
				CLANG_WARN_DEPRECATED_OBJC_IMPLEMENTATIONS = YES;
				CLANG_WARN_DIRECT_OBJC_ISA_USAGE = YES_ERROR;
				CLANG_WARN_DOCUMENTATION_COMMENTS = YES;
				CLANG_WARN_EMPTY_BODY = YES;
				CLANG_WARN_ENUM_CONVERSION = YES;
				CLANG_WARN_INFINITE_RECURSION = YES;
				CLANG_WARN_INT_CONVERSION = YES;
				CLANG_WARN_NON_LITERAL_NULL_CONVERSION = YES;
				CLANG_WARN_OBJC_IMPLICIT_RETAIN_SELF = YES;
				CLANG_WARN_OBJC_LITERAL_CONVERSION = YES;
				CLANG_WARN_OBJC_ROOT_CLASS = YES_ERROR;
				CLANG_WARN_QUOTED_INCLUDE_IN_FRAMEWORK_HEADER = YES;
				CLANG_WARN_RANGE_LOOP_ANALYSIS = YES;
				CLANG_WARN_STRICT_PROTOTYPES = YES;
				CLANG_WARN_SUSPICIOUS_MOVE = YES;
				CLANG_WARN_UNGUARDED_AVAILABILITY = YES_AGGRESSIVE;
				CLANG_WARN_UNREACHABLE_CODE = YES;
				CLANG_WARN__DUPLICATE_METHOD_MATCH = YES;
				COPY_PHASE_STRIP = NO;
				DEBUG_INFORMATION_FORMAT = dwarf;
				ENABLE_STRICT_OBJC_MSGSEND = YES;
				ENABLE_TESTABILITY = YES;
				GCC_C_LANGUAGE_STANDARD = gnu11;
				GCC_DYNAMIC_NO_PIC = NO;
				GCC_NO_COMMON_BLOCKS = YES;
				GCC_OPTIMIZATION_LEVEL = 0;
				GCC_PREPROCESSOR_DEFINITIONS = (
					"DEBUG=1",
					"$(inherited)",
				);
				GCC_WARN_64_TO_32_BIT_CONVERSION = YES;
				GCC_WARN_ABOUT_RETURN_TYPE = YES_ERROR;
				GCC_WARN_UNDECLARED_SELECTOR = YES;
				GCC_WARN_UNINITIALIZED_AUTOS = YES_AGGRESSIVE;
				GCC_WARN_UNUSED_FUNCTION = YES;
				GCC_WARN_UNUSED_VARIABLE = YES;
				IPHONEOS_DEPLOYMENT_TARGET = 14.2;
				MTL_ENABLE_DEBUG_INFO = INCLUDE_SOURCE;
				MTL_FAST_MATH = YES;
				ONLY_ACTIVE_ARCH = YES;
				SDKROOT = iphoneos;
				SWIFT_ACTIVE_COMPILATION_CONDITIONS = DEBUG;
				SWIFT_OPTIMIZATION_LEVEL = "-Onone";
			};
			name = Debug;
		};
		A6E5A8F62588A31100D8F3C0 /* Release */ = {
			isa = XCBuildConfiguration;
			buildSettings = {
				ALWAYS_SEARCH_USER_PATHS = NO;
				CLANG_ANALYZER_NONNULL = YES;
				CLANG_ANALYZER_NUMBER_OBJECT_CONVERSION = YES_AGGRESSIVE;
				CLANG_CXX_LANGUAGE_STANDARD = "gnu++14";
				CLANG_CXX_LIBRARY = "libc++";
				CLANG_ENABLE_MODULES = YES;
				CLANG_ENABLE_OBJC_ARC = YES;
				CLANG_ENABLE_OBJC_WEAK = YES;
				CLANG_WARN_BLOCK_CAPTURE_AUTORELEASING = YES;
				CLANG_WARN_BOOL_CONVERSION = YES;
				CLANG_WARN_COMMA = YES;
				CLANG_WARN_CONSTANT_CONVERSION = YES;
				CLANG_WARN_DEPRECATED_OBJC_IMPLEMENTATIONS = YES;
				CLANG_WARN_DIRECT_OBJC_ISA_USAGE = YES_ERROR;
				CLANG_WARN_DOCUMENTATION_COMMENTS = YES;
				CLANG_WARN_EMPTY_BODY = YES;
				CLANG_WARN_ENUM_CONVERSION = YES;
				CLANG_WARN_INFINITE_RECURSION = YES;
				CLANG_WARN_INT_CONVERSION = YES;
				CLANG_WARN_NON_LITERAL_NULL_CONVERSION = YES;
				CLANG_WARN_OBJC_IMPLICIT_RETAIN_SELF = YES;
				CLANG_WARN_OBJC_LITERAL_CONVERSION = YES;
				CLANG_WARN_OBJC_ROOT_CLASS = YES_ERROR;
				CLANG_WARN_QUOTED_INCLUDE_IN_FRAMEWORK_HEADER = YES;
				CLANG_WARN_RANGE_LOOP_ANALYSIS = YES;
				CLANG_WARN_STRICT_PROTOTYPES = YES;
				CLANG_WARN_SUSPICIOUS_MOVE = YES;
				CLANG_WARN_UNGUARDED_AVAILABILITY = YES_AGGRESSIVE;
				CLANG_WARN_UNREACHABLE_CODE = YES;
				CLANG_WARN__DUPLICATE_METHOD_MATCH = YES;
				COPY_PHASE_STRIP = NO;
				DEBUG_INFORMATION_FORMAT = "dwarf-with-dsym";
				ENABLE_NS_ASSERTIONS = NO;
				ENABLE_STRICT_OBJC_MSGSEND = YES;
				GCC_C_LANGUAGE_STANDARD = gnu11;
				GCC_NO_COMMON_BLOCKS = YES;
				GCC_WARN_64_TO_32_BIT_CONVERSION = YES;
				GCC_WARN_ABOUT_RETURN_TYPE = YES_ERROR;
				GCC_WARN_UNDECLARED_SELECTOR = YES;
				GCC_WARN_UNINITIALIZED_AUTOS = YES_AGGRESSIVE;
				GCC_WARN_UNUSED_FUNCTION = YES;
				GCC_WARN_UNUSED_VARIABLE = YES;
				IPHONEOS_DEPLOYMENT_TARGET = 14.2;
				MTL_ENABLE_DEBUG_INFO = NO;
				MTL_FAST_MATH = YES;
				SDKROOT = iphoneos;
				SWIFT_COMPILATION_MODE = wholemodule;
				SWIFT_OPTIMIZATION_LEVEL = "-O";
				VALIDATE_PRODUCT = YES;
			};
			name = Release;
		};
		A6E5A8F82588A31100D8F3C0 /* Debug */ = {
			isa = XCBuildConfiguration;
			baseConfigurationReference = 60D7B9EF93B7475AF6D9D9A8 /* Pods-Collection.Function.debug.xcconfig */;
			buildSettings = {
				ASSETCATALOG_COMPILER_APPICON_NAME = AppIcon;
				ASSETCATALOG_COMPILER_GLOBAL_ACCENT_COLOR_NAME = AccentColor;
				CODE_SIGN_STYLE = Automatic;
				DEVELOPMENT_TEAM = 4BRHUVT595;
				INFOPLIST_FILE = Collection.Function/Info.plist;
				LD_RUNPATH_SEARCH_PATHS = (
					"$(inherited)",
					"@executable_path/Frameworks",
				);
				PRODUCT_BUNDLE_IDENTIFIER = "Harbros.Collection-Function";
				PRODUCT_NAME = "$(TARGET_NAME)";
				SWIFT_VERSION = 5.0;
				TARGETED_DEVICE_FAMILY = "1,2";
			};
			name = Debug;
		};
		A6E5A8F92588A31100D8F3C0 /* Release */ = {
			isa = XCBuildConfiguration;
			baseConfigurationReference = F60E8144A0C6125AAFD11946 /* Pods-Collection.Function.release.xcconfig */;
			buildSettings = {
				ASSETCATALOG_COMPILER_APPICON_NAME = AppIcon;
				ASSETCATALOG_COMPILER_GLOBAL_ACCENT_COLOR_NAME = AccentColor;
				CODE_SIGN_STYLE = Automatic;
				DEVELOPMENT_TEAM = 4BRHUVT595;
				INFOPLIST_FILE = Collection.Function/Info.plist;
				LD_RUNPATH_SEARCH_PATHS = (
					"$(inherited)",
					"@executable_path/Frameworks",
				);
				PRODUCT_BUNDLE_IDENTIFIER = "Harbros.Collection-Function";
				PRODUCT_NAME = "$(TARGET_NAME)";
				SWIFT_VERSION = 5.0;
				TARGETED_DEVICE_FAMILY = "1,2";
			};
			name = Release;
		};
		A6E5A8FB2588A31100D8F3C0 /* Debug */ = {
			isa = XCBuildConfiguration;
			buildSettings = {
				ALWAYS_EMBED_SWIFT_STANDARD_LIBRARIES = YES;
				BUNDLE_LOADER = "$(TEST_HOST)";
				CODE_SIGN_STYLE = Automatic;
				DEVELOPMENT_TEAM = 4BRHUVT595;
				INFOPLIST_FILE = Collection.FunctionTests/Info.plist;
				IPHONEOS_DEPLOYMENT_TARGET = 14.2;
				LD_RUNPATH_SEARCH_PATHS = (
					"$(inherited)",
					"@executable_path/Frameworks",
					"@loader_path/Frameworks",
				);
				PRODUCT_BUNDLE_IDENTIFIER = "Harbros.Collection-FunctionTests";
				PRODUCT_NAME = "$(TARGET_NAME)";
				SWIFT_VERSION = 5.0;
				TARGETED_DEVICE_FAMILY = "1,2";
				TEST_HOST = "$(BUILT_PRODUCTS_DIR)/Collection.Function.app/Collection.Function";
			};
			name = Debug;
		};
		A6E5A8FC2588A31100D8F3C0 /* Release */ = {
			isa = XCBuildConfiguration;
			buildSettings = {
				ALWAYS_EMBED_SWIFT_STANDARD_LIBRARIES = YES;
				BUNDLE_LOADER = "$(TEST_HOST)";
				CODE_SIGN_STYLE = Automatic;
				DEVELOPMENT_TEAM = 4BRHUVT595;
				INFOPLIST_FILE = Collection.FunctionTests/Info.plist;
				IPHONEOS_DEPLOYMENT_TARGET = 14.2;
				LD_RUNPATH_SEARCH_PATHS = (
					"$(inherited)",
					"@executable_path/Frameworks",
					"@loader_path/Frameworks",
				);
				PRODUCT_BUNDLE_IDENTIFIER = "Harbros.Collection-FunctionTests";
				PRODUCT_NAME = "$(TARGET_NAME)";
				SWIFT_VERSION = 5.0;
				TARGETED_DEVICE_FAMILY = "1,2";
				TEST_HOST = "$(BUILT_PRODUCTS_DIR)/Collection.Function.app/Collection.Function";
			};
			name = Release;
		};
		A6E5A8FE2588A31100D8F3C0 /* Debug */ = {
			isa = XCBuildConfiguration;
			buildSettings = {
				ALWAYS_EMBED_SWIFT_STANDARD_LIBRARIES = YES;
				CODE_SIGN_STYLE = Automatic;
				DEVELOPMENT_TEAM = 4BRHUVT595;
				INFOPLIST_FILE = Collection.FunctionUITests/Info.plist;
				LD_RUNPATH_SEARCH_PATHS = (
					"$(inherited)",
					"@executable_path/Frameworks",
					"@loader_path/Frameworks",
				);
				PRODUCT_BUNDLE_IDENTIFIER = "Harbros.Collection-FunctionUITests";
				PRODUCT_NAME = "$(TARGET_NAME)";
				SWIFT_VERSION = 5.0;
				TARGETED_DEVICE_FAMILY = "1,2";
				TEST_TARGET_NAME = Collection.Function;
			};
			name = Debug;
		};
		A6E5A8FF2588A31100D8F3C0 /* Release */ = {
			isa = XCBuildConfiguration;
			buildSettings = {
				ALWAYS_EMBED_SWIFT_STANDARD_LIBRARIES = YES;
				CODE_SIGN_STYLE = Automatic;
				DEVELOPMENT_TEAM = 4BRHUVT595;
				INFOPLIST_FILE = Collection.FunctionUITests/Info.plist;
				LD_RUNPATH_SEARCH_PATHS = (
					"$(inherited)",
					"@executable_path/Frameworks",
					"@loader_path/Frameworks",
				);
				PRODUCT_BUNDLE_IDENTIFIER = "Harbros.Collection-FunctionUITests";
				PRODUCT_NAME = "$(TARGET_NAME)";
				SWIFT_VERSION = 5.0;
				TARGETED_DEVICE_FAMILY = "1,2";
				TEST_TARGET_NAME = Collection.Function;
			};
			name = Release;
		};
/* End XCBuildConfiguration section */

/* Begin XCConfigurationList section */
		A6E5A8C52588A31100D8F3C0 /* Build configuration list for PBXProject "Collection.Function" */ = {
			isa = XCConfigurationList;
			buildConfigurations = (
				A6E5A8F52588A31100D8F3C0 /* Debug */,
				A6E5A8F62588A31100D8F3C0 /* Release */,
			);
			defaultConfigurationIsVisible = 0;
			defaultConfigurationName = Release;
		};
		A6E5A8F72588A31100D8F3C0 /* Build configuration list for PBXNativeTarget "Collection.Function" */ = {
			isa = XCConfigurationList;
			buildConfigurations = (
				A6E5A8F82588A31100D8F3C0 /* Debug */,
				A6E5A8F92588A31100D8F3C0 /* Release */,
			);
			defaultConfigurationIsVisible = 0;
			defaultConfigurationName = Release;
		};
		A6E5A8FA2588A31100D8F3C0 /* Build configuration list for PBXNativeTarget "Collection.FunctionTests" */ = {
			isa = XCConfigurationList;
			buildConfigurations = (
				A6E5A8FB2588A31100D8F3C0 /* Debug */,
				A6E5A8FC2588A31100D8F3C0 /* Release */,
			);
			defaultConfigurationIsVisible = 0;
			defaultConfigurationName = Release;
		};
		A6E5A8FD2588A31100D8F3C0 /* Build configuration list for PBXNativeTarget "Collection.FunctionUITests" */ = {
			isa = XCConfigurationList;
			buildConfigurations = (
				A6E5A8FE2588A31100D8F3C0 /* Debug */,
				A6E5A8FF2588A31100D8F3C0 /* Release */,
			);
			defaultConfigurationIsVisible = 0;
			defaultConfigurationName = Release;
		};
/* End XCConfigurationList section */

/* Begin XCVersionGroup section */
		A6E5A8D62588A31100D8F3C0 /* Collection_Function.xcdatamodeld */ = {
			isa = XCVersionGroup;
			children = (
				A6E5A8D72588A31100D8F3C0 /* Collection_Function.xcdatamodel */,
			);
			currentVersion = A6E5A8D72588A31100D8F3C0 /* Collection_Function.xcdatamodel */;
			path = Collection_Function.xcdatamodeld;
			sourceTree = "<group>";
			versionGroupType = wrapper.xcdatamodel;
		};
/* End XCVersionGroup section */
	};
	rootObject = A6E5A8C22588A31100D8F3C0 /* Project object */;
}
